PODS:
  - Fastis (2.0.0):
    - JTAppleCalendar (~> 8.0.0)
    - PrettyCards (~> 1.0.0)
    - SnapKit (~> 5.0.0)
  - FittedSheets (2.4.2)
  - GoogleMaps (7.0.0):
    - GoogleMaps/Maps (= 7.0.0)
  - GoogleMaps/Base (7.0.0)
  - GoogleMaps/Maps (7.0.0):
    - GoogleMaps/Base
  - IQKeyboardManagerSwift (6.5.10)
  - JTAppleCalendar (8.0.4)
  - MHLoadingButton (0.1.3)
  - PrettyCards (1.0.5)
  - SnapKit (5.0.1)
  - SwiftSignatureView (3.2.0)
  - UIView-Shimmer (1.0.4)

DEPENDENCIES:
  - Fastis (~> 2.0)
  - FittedSheets
  - GoogleMaps (= 7.0.0)
  - IQKeyboardManagerSwift
  - MHLoadingButton
  - SwiftSignatureView
  - UIView-Shimmer (~> 1.0)

SPEC REPOS:
  trunk:
    - Fastis
    - FittedSheets
    - GoogleMaps
    - IQKeyboardManagerSwift
    - JTAppleCalendar
    - MHLoadingButton
    - PrettyCards
    - SnapKit
    - SwiftSignatureView
    - UIView-Shimmer

SPEC CHECKSUMS:
  Fastis: 83190c355fcbc06e92e568b7293d9f324eb91a71
  FittedSheets: 661408776eb4ff514a31da75b3600bd7222b2b3d
  GoogleMaps: 6e9c923ca035989709fcb5771544fda4cc5fa2a4
  IQKeyboardManagerSwift: 52962c76ab33532f15ad9f3ff4e5715eda5335bb
  JTAppleCalendar: f95b02c64f56d6f938fbf6582a04dcab9d709ebd
  MHLoadingButton: 13bab47a3ce9d88df15638b7a5b73a8ac9f21077
  PrettyCards: 2b078f2396a42f7f0c4d6624b875149dcb49d3ed
  SnapKit: 97b92857e3df3a0c71833cce143274bf6ef8e5eb
  SwiftSignatureView: cd8cca297cc2ca6a6c174da22fb908c33d03d3c0
  UIView-Shimmer: ff0a32c73d67c7dbdea3d9e530538b10d18aea56

PODFILE CHECKSUM: c2304b6e09d56e894b1ccbc224597c4a57478cfd

COCOAPODS: 1.11.3
